
Microsoft Visual Studio Solution File, Format Version 12.00
# Visual Studio Version 16
VisualStudioVersion = 16.0.29102.190
MinimumVisualStudioVersion = 10.0.40219.1
Project("{8BC9CEB8-8B4A-11D0-8D11-00A0C91BC942}") = "QFF", "QFF\QFF.vcxproj", "{402D5E73-85DC-491C-AB73-DD75D50CD2A3}"
EndProject
Project("{8BC9CEB8-8B4A-11D0-8D11-00A0C91BC942}") = "UnitTest", "UnitTest\UnitTest.vcxproj", "{B7563434-F30D-45EB-9551-6D3313118DD7}"
EndProject
Project("{8BC9CEB8-8B4A-11D0-8D11-00A0C91BC942}") = "CalendarExample", "CalendarExample\CalendarExample.vcxproj", "{964E6D63-BF48-4A3F-9E72-6D212F526EB1}"
EndProject
Project("{8BC9CEB8-8B4A-11D0-8D11-00A0C91BC942}") = "InterestRateSwapExample", "InterestRateSwapExample\InterestRateSwapExample.vcxproj", "{B447D67A-3CA6-474D-AC2C-CE9B1A9C4F77}"
EndProject
Project("{8BC9CEB8-8B4A-11D0-8D11-00A0C91BC942}") = "CreditDefaultSwapExample", "CreditDefaultSwapExample\CreditDefaultSwapExample.vcxproj", "{A5BEB479-8326-41A0-9564-82ADAC48A6A5}"
EndProject
Project("{8BC9CEB8-8B4A-11D0-8D11-00A0C91BC942}") = "AAD", "AAD\AAD.vcxproj", "{918669E5-99AA-486B-902C-452E4EB260C9}"
EndProject
Project("{8BC9CEB8-8B4A-11D0-8D11-00A0C91BC942}") = "AadExample", "AadExample\AadExample.vcxproj", "{BFA8427B-E83A-4ED0-9C17-D05D6096A1A8}"
EndProject
Project("{8BC9CEB8-8B4A-11D0-8D11-00A0C91BC942}") = "QFF_AAD", "QFF_AAD\QFF_AAD.vcxproj", "{1CF4A115-DEFA-4870-9AD3-B33974FA4FDD}"
EndProject
Global
	GlobalSection(SolutionConfigurationPlatforms) = preSolution
		Debug|x64 = Debug|x64
		Debug|x86 = Debug|x86
		Release|x64 = Release|x64
		Release|x86 = Release|x86
	EndGlobalSection
	GlobalSection(ProjectConfigurationPlatforms) = postSolution
		{402D5E73-85DC-491C-AB73-DD75D50CD2A3}.Debug|x64.ActiveCfg = Debug|x64
		{402D5E73-85DC-491C-AB73-DD75D50CD2A3}.Debug|x64.Build.0 = Debug|x64
		{402D5E73-85DC-491C-AB73-DD75D50CD2A3}.Debug|x86.ActiveCfg = Debug|Win32
		{402D5E73-85DC-491C-AB73-DD75D50CD2A3}.Debug|x86.Build.0 = Debug|Win32
		{402D5E73-85DC-491C-AB73-DD75D50CD2A3}.Release|x64.ActiveCfg = Release|x64
		{402D5E73-85DC-491C-AB73-DD75D50CD2A3}.Release|x64.Build.0 = Release|x64
		{402D5E73-85DC-491C-AB73-DD75D50CD2A3}.Release|x86.ActiveCfg = Release|Win32
		{402D5E73-85DC-491C-AB73-DD75D50CD2A3}.Release|x86.Build.0 = Release|Win32
		{B7563434-F30D-45EB-9551-6D3313118DD7}.Debug|x64.ActiveCfg = Debug|x64
		{B7563434-F30D-45EB-9551-6D3313118DD7}.Debug|x64.Build.0 = Debug|x64
		{B7563434-F30D-45EB-9551-6D3313118DD7}.Debug|x86.ActiveCfg = Debug|Win32
		{B7563434-F30D-45EB-9551-6D3313118DD7}.Debug|x86.Build.0 = Debug|Win32
		{B7563434-F30D-45EB-9551-6D3313118DD7}.Release|x64.ActiveCfg = Release|x64
		{B7563434-F30D-45EB-9551-6D3313118DD7}.Release|x64.Build.0 = Release|x64
		{B7563434-F30D-45EB-9551-6D3313118DD7}.Release|x86.ActiveCfg = Release|Win32
		{B7563434-F30D-45EB-9551-6D3313118DD7}.Release|x86.Build.0 = Release|Win32
		{964E6D63-BF48-4A3F-9E72-6D212F526EB1}.Debug|x64.ActiveCfg = Debug|x64
		{964E6D63-BF48-4A3F-9E72-6D212F526EB1}.Debug|x64.Build.0 = Debug|x64
		{964E6D63-BF48-4A3F-9E72-6D212F526EB1}.Debug|x86.ActiveCfg = Debug|Win32
		{964E6D63-BF48-4A3F-9E72-6D212F526EB1}.Debug|x86.Build.0 = Debug|Win32
		{964E6D63-BF48-4A3F-9E72-6D212F526EB1}.Release|x64.ActiveCfg = Release|x64
		{964E6D63-BF48-4A3F-9E72-6D212F526EB1}.Release|x64.Build.0 = Release|x64
		{964E6D63-BF48-4A3F-9E72-6D212F526EB1}.Release|x86.ActiveCfg = Release|Win32
		{964E6D63-BF48-4A3F-9E72-6D212F526EB1}.Release|x86.Build.0 = Release|Win32
		{B447D67A-3CA6-474D-AC2C-CE9B1A9C4F77}.Debug|x64.ActiveCfg = Debug|x64
		{B447D67A-3CA6-474D-AC2C-CE9B1A9C4F77}.Debug|x64.Build.0 = Debug|x64
		{B447D67A-3CA6-474D-AC2C-CE9B1A9C4F77}.Debug|x86.ActiveCfg = Debug|Win32
		{B447D67A-3CA6-474D-AC2C-CE9B1A9C4F77}.Debug|x86.Build.0 = Debug|Win32
		{B447D67A-3CA6-474D-AC2C-CE9B1A9C4F77}.Release|x64.ActiveCfg = Release|x64
		{B447D67A-3CA6-474D-AC2C-CE9B1A9C4F77}.Release|x64.Build.0 = Release|x64
		{B447D67A-3CA6-474D-AC2C-CE9B1A9C4F77}.Release|x86.ActiveCfg = Release|Win32
		{B447D67A-3CA6-474D-AC2C-CE9B1A9C4F77}.Release|x86.Build.0 = Release|Win32
		{A5BEB479-8326-41A0-9564-82ADAC48A6A5}.Debug|x64.ActiveCfg = Debug|x64
		{A5BEB479-8326-41A0-9564-82ADAC48A6A5}.Debug|x64.Build.0 = Debug|x64
		{A5BEB479-8326-41A0-9564-82ADAC48A6A5}.Debug|x86.ActiveCfg = Debug|Win32
		{A5BEB479-8326-41A0-9564-82ADAC48A6A5}.Debug|x86.Build.0 = Debug|Win32
		{A5BEB479-8326-41A0-9564-82ADAC48A6A5}.Release|x64.ActiveCfg = Release|x64
		{A5BEB479-8326-41A0-9564-82ADAC48A6A5}.Release|x64.Build.0 = Release|x64
		{A5BEB479-8326-41A0-9564-82ADAC48A6A5}.Release|x86.ActiveCfg = Release|Win32
		{A5BEB479-8326-41A0-9564-82ADAC48A6A5}.Release|x86.Build.0 = Release|Win32
		{918669E5-99AA-486B-902C-452E4EB260C9}.Debug|x64.ActiveCfg = Debug|x64
		{918669E5-99AA-486B-902C-452E4EB260C9}.Debug|x64.Build.0 = Debug|x64
		{918669E5-99AA-486B-902C-452E4EB260C9}.Debug|x86.ActiveCfg = Debug|Win32
		{918669E5-99AA-486B-902C-452E4EB260C9}.Debug|x86.Build.0 = Debug|Win32
		{918669E5-99AA-486B-902C-452E4EB260C9}.Release|x64.ActiveCfg = Release|x64
		{918669E5-99AA-486B-902C-452E4EB260C9}.Release|x64.Build.0 = Release|x64
		{918669E5-99AA-486B-902C-452E4EB260C9}.Release|x86.ActiveCfg = Release|Win32
		{918669E5-99AA-486B-902C-452E4EB260C9}.Release|x86.Build.0 = Release|Win32
		{BFA8427B-E83A-4ED0-9C17-D05D6096A1A8}.Debug|x64.ActiveCfg = Debug|x64
		{BFA8427B-E83A-4ED0-9C17-D05D6096A1A8}.Debug|x64.Build.0 = Debug|x64
		{BFA8427B-E83A-4ED0-9C17-D05D6096A1A8}.Debug|x86.ActiveCfg = Debug|Win32
		{BFA8427B-E83A-4ED0-9C17-D05D6096A1A8}.Debug|x86.Build.0 = Debug|Win32
		{BFA8427B-E83A-4ED0-9C17-D05D6096A1A8}.Release|x64.ActiveCfg = Release|x64
		{BFA8427B-E83A-4ED0-9C17-D05D6096A1A8}.Release|x64.Build.0 = Release|x64
		{BFA8427B-E83A-4ED0-9C17-D05D6096A1A8}.Release|x86.ActiveCfg = Release|Win32
		{BFA8427B-E83A-4ED0-9C17-D05D6096A1A8}.Release|x86.Build.0 = Release|Win32
		{1CF4A115-DEFA-4870-9AD3-B33974FA4FDD}.Debug|x64.ActiveCfg = Debug|x64
		{1CF4A115-DEFA-4870-9AD3-B33974FA4FDD}.Debug|x64.Build.0 = Debug|x64
		{1CF4A115-DEFA-4870-9AD3-B33974FA4FDD}.Debug|x86.ActiveCfg = Debug|Win32
		{1CF4A115-DEFA-4870-9AD3-B33974FA4FDD}.Debug|x86.Build.0 = Debug|Win32
		{1CF4A115-DEFA-4870-9AD3-B33974FA4FDD}.Release|x64.ActiveCfg = Release|x64
		{1CF4A115-DEFA-4870-9AD3-B33974FA4FDD}.Release|x64.Build.0 = Release|x64
		{1CF4A115-DEFA-4870-9AD3-B33974FA4FDD}.Release|x86.ActiveCfg = Release|Win32
		{1CF4A115-DEFA-4870-9AD3-B33974FA4FDD}.Release|x86.Build.0 = Release|Win32
	EndGlobalSection
	GlobalSection(SolutionProperties) = preSolution
		HideSolutionNode = FALSE
	EndGlobalSection
	GlobalSection(ExtensibilityGlobals) = postSolution
		SolutionGuid = {90A2CD7B-9E61-460A-B607-9589F8887781}
	EndGlobalSection
EndGlobal
