
Microsoft Visual Studio Solution File, Format Version 12.00
# Visual Studio Version 16
VisualStudioVersion = 16.0.29102.190
MinimumVisualStudioVersion = 10.0.40219.1
Project("{8BC9CEB8-8B4A-11D0-8D11-00A0C91BC942}") = "QFF", "QFF\QFF.vcxproj", "{402D5E73-85DC-491C-AB73-DD75D50CD2A3}"
EndProject
Project("{8BC9CEB8-8B4A-11D0-8D11-00A0C91BC942}") = "UnitTest", "UnitTest\UnitTest.vcxproj", "{B7563434-F30D-45EB-9551-6D3313118DD7}"
EndProject
Project("{8BC9CEB8-8B4A-11D0-8D11-00A0C91BC942}") = "CalendarExample", "CalendarExample\CalendarExample.vcxproj", "{964E6D63-BF48-4A3F-9E72-6D212F526EB1}"
EndProject
Project("{8BC9CEB8-8B4A-11D0-8D11-00A0C91BC942}") = "SwapExample", "SwapExample\SwapExample.vcxproj", "{74EE8279-3B5B-4165-B852-00B7D60AE85C}"
EndProject
Project("{8BC9CEB8-8B4A-11D0-8D11-00A0C91BC942}") = "OisExample", "OisExample\OisExample.vcxproj", "{A0179C20-8462-494E-A650-DA7FC36C1DEB}"
EndProject
Global
	GlobalSection(SolutionConfigurationPlatforms) = preSolution
		Debug|x64 = Debug|x64
		Debug|x86 = Debug|x86
		Release|x64 = Release|x64
		Release|x86 = Release|x86
	EndGlobalSection
	GlobalSection(ProjectConfigurationPlatforms) = postSolution
		{402D5E73-85DC-491C-AB73-DD75D50CD2A3}.Debug|x64.ActiveCfg = Debug|x64
		{402D5E73-85DC-491C-AB73-DD75D50CD2A3}.Debug|x64.Build.0 = Debug|x64
		{402D5E73-85DC-491C-AB73-DD75D50CD2A3}.Debug|x86.ActiveCfg = Debug|Win32
		{402D5E73-85DC-491C-AB73-DD75D50CD2A3}.Debug|x86.Build.0 = Debug|Win32
		{402D5E73-85DC-491C-AB73-DD75D50CD2A3}.Release|x64.ActiveCfg = Release|x64
		{402D5E73-85DC-491C-AB73-DD75D50CD2A3}.Release|x64.Build.0 = Release|x64
		{402D5E73-85DC-491C-AB73-DD75D50CD2A3}.Release|x86.ActiveCfg = Release|Win32
		{402D5E73-85DC-491C-AB73-DD75D50CD2A3}.Release|x86.Build.0 = Release|Win32
		{B7563434-F30D-45EB-9551-6D3313118DD7}.Debug|x64.ActiveCfg = Debug|x64
		{B7563434-F30D-45EB-9551-6D3313118DD7}.Debug|x64.Build.0 = Debug|x64
		{B7563434-F30D-45EB-9551-6D3313118DD7}.Debug|x86.ActiveCfg = Debug|Win32
		{B7563434-F30D-45EB-9551-6D3313118DD7}.Debug|x86.Build.0 = Debug|Win32
		{B7563434-F30D-45EB-9551-6D3313118DD7}.Release|x64.ActiveCfg = Release|x64
		{B7563434-F30D-45EB-9551-6D3313118DD7}.Release|x64.Build.0 = Release|x64
		{B7563434-F30D-45EB-9551-6D3313118DD7}.Release|x86.ActiveCfg = Release|Win32
		{B7563434-F30D-45EB-9551-6D3313118DD7}.Release|x86.Build.0 = Release|Win32
		{964E6D63-BF48-4A3F-9E72-6D212F526EB1}.Debug|x64.ActiveCfg = Debug|x64
		{964E6D63-BF48-4A3F-9E72-6D212F526EB1}.Debug|x64.Build.0 = Debug|x64
		{964E6D63-BF48-4A3F-9E72-6D212F526EB1}.Debug|x86.ActiveCfg = Debug|Win32
		{964E6D63-BF48-4A3F-9E72-6D212F526EB1}.Debug|x86.Build.0 = Debug|Win32
		{964E6D63-BF48-4A3F-9E72-6D212F526EB1}.Release|x64.ActiveCfg = Release|x64
		{964E6D63-BF48-4A3F-9E72-6D212F526EB1}.Release|x64.Build.0 = Release|x64
		{964E6D63-BF48-4A3F-9E72-6D212F526EB1}.Release|x86.ActiveCfg = Release|Win32
		{964E6D63-BF48-4A3F-9E72-6D212F526EB1}.Release|x86.Build.0 = Release|Win32
		{74EE8279-3B5B-4165-B852-00B7D60AE85C}.Debug|x64.ActiveCfg = Debug|x64
		{74EE8279-3B5B-4165-B852-00B7D60AE85C}.Debug|x64.Build.0 = Debug|x64
		{74EE8279-3B5B-4165-B852-00B7D60AE85C}.Debug|x86.ActiveCfg = Debug|Win32
		{74EE8279-3B5B-4165-B852-00B7D60AE85C}.Debug|x86.Build.0 = Debug|Win32
		{74EE8279-3B5B-4165-B852-00B7D60AE85C}.Release|x64.ActiveCfg = Release|x64
		{74EE8279-3B5B-4165-B852-00B7D60AE85C}.Release|x64.Build.0 = Release|x64
		{74EE8279-3B5B-4165-B852-00B7D60AE85C}.Release|x86.ActiveCfg = Release|Win32
		{74EE8279-3B5B-4165-B852-00B7D60AE85C}.Release|x86.Build.0 = Release|Win32
		{A0179C20-8462-494E-A650-DA7FC36C1DEB}.Debug|x64.ActiveCfg = Debug|x64
		{A0179C20-8462-494E-A650-DA7FC36C1DEB}.Debug|x64.Build.0 = Debug|x64
		{A0179C20-8462-494E-A650-DA7FC36C1DEB}.Debug|x86.ActiveCfg = Debug|Win32
		{A0179C20-8462-494E-A650-DA7FC36C1DEB}.Debug|x86.Build.0 = Debug|Win32
		{A0179C20-8462-494E-A650-DA7FC36C1DEB}.Release|x64.ActiveCfg = Release|x64
		{A0179C20-8462-494E-A650-DA7FC36C1DEB}.Release|x64.Build.0 = Release|x64
		{A0179C20-8462-494E-A650-DA7FC36C1DEB}.Release|x86.ActiveCfg = Release|Win32
		{A0179C20-8462-494E-A650-DA7FC36C1DEB}.Release|x86.Build.0 = Release|Win32
	EndGlobalSection
	GlobalSection(SolutionProperties) = preSolution
		HideSolutionNode = FALSE
	EndGlobalSection
	GlobalSection(ExtensibilityGlobals) = postSolution
		SolutionGuid = {90A2CD7B-9E61-460A-B607-9589F8887781}
	EndGlobalSection
EndGlobal
