
Microsoft Visual Studio Solution File, Format Version 12.00
# Visual Studio Version 16
VisualStudioVersion = 16.0.29102.190
MinimumVisualStudioVersion = 10.0.40219.1
Project("{8BC9CEB8-8B4A-11D0-8D11-00A0C91BC942}") = "UnitTest", "UnitTest\UnitTest.vcxproj", "{B7563434-F30D-45EB-9551-6D3313118DD7}"
EndProject
Project("{8BC9CEB8-8B4A-11D0-8D11-00A0C91BC942}") = "CalendarExample", "CalendarExample\CalendarExample.vcxproj", "{964E6D63-BF48-4A3F-9E72-6D212F526EB1}"
EndProject
Project("{8BC9CEB8-8B4A-11D0-8D11-00A0C91BC942}") = "InterestRateSwapExample", "InterestRateSwapExample\InterestRateSwapExample.vcxproj", "{B447D67A-3CA6-474D-AC2C-CE9B1A9C4F77}"
EndProject
Project("{8BC9CEB8-8B4A-11D0-8D11-00A0C91BC942}") = "CreditDefaultSwapExample", "CreditDefaultSwapExample\CreditDefaultSwapExample.vcxproj", "{A5BEB479-8326-41A0-9564-82ADAC48A6A5}"
EndProject
Project("{8BC9CEB8-8B4A-11D0-8D11-00A0C91BC942}") = "AAD", "AAD\AAD.vcxproj", "{918669E5-99AA-486B-902C-452E4EB260C9}"
EndProject
Project("{8BC9CEB8-8B4A-11D0-8D11-00A0C91BC942}") = "AadExample", "AadExample\AadExample.vcxproj", "{BFA8427B-E83A-4ED0-9C17-D05D6096A1A8}"
EndProject
Project("{8BC9CEB8-8B4A-11D0-8D11-00A0C91BC942}") = "QFF_AAD", "QFF_AAD\QFF_AAD.vcxproj", "{1CF4A115-DEFA-4870-9AD3-B33974FA4FDD}"
EndProject
Project("{8BC9CEB8-8B4A-11D0-8D11-00A0C91BC942}") = "SensitivityExample", "SensitivityExample\SensitivityExample.vcxproj", "{ACFE33E6-0A5B-4285-8737-65F5E61FB275}"
EndProject
Project("{8BC9CEB8-8B4A-11D0-8D11-00A0C91BC942}") = "PyQff", "PyQff\PyQff.vcxproj", "{58F1A7BC-BAB5-4223-B4A7-DB38762B6EEF}"
EndProject
Project("{888888A0-9F3D-457C-B088-3A5042F75D52}") = "PythonExample", "PythonExample\PythonExample.pyproj", "{F7E89FD0-7759-400E-8F5C-F9485C4F90E1}"
EndProject
Project("{8BC9CEB8-8B4A-11D0-8D11-00A0C91BC942}") = "DlibExample", "DlibExample\DlibExample.vcxproj", "{0D834F01-1C2E-4FCB-BE73-872A983957E3}"
EndProject
Global
	GlobalSection(SolutionConfigurationPlatforms) = preSolution
		Debug|Any CPU = Debug|Any CPU
		Debug|x64 = Debug|x64
		Debug|x86 = Debug|x86
		Release|Any CPU = Release|Any CPU
		Release|x64 = Release|x64
		Release|x86 = Release|x86
	EndGlobalSection
	GlobalSection(ProjectConfigurationPlatforms) = postSolution
		{B7563434-F30D-45EB-9551-6D3313118DD7}.Debug|Any CPU.ActiveCfg = Debug|Win32
		{B7563434-F30D-45EB-9551-6D3313118DD7}.Debug|x64.ActiveCfg = Debug|x64
		{B7563434-F30D-45EB-9551-6D3313118DD7}.Debug|x64.Build.0 = Debug|x64
		{B7563434-F30D-45EB-9551-6D3313118DD7}.Debug|x86.ActiveCfg = Debug|Win32
		{B7563434-F30D-45EB-9551-6D3313118DD7}.Debug|x86.Build.0 = Debug|Win32
		{B7563434-F30D-45EB-9551-6D3313118DD7}.Release|Any CPU.ActiveCfg = Release|Win32
		{B7563434-F30D-45EB-9551-6D3313118DD7}.Release|x64.ActiveCfg = Release|x64
		{B7563434-F30D-45EB-9551-6D3313118DD7}.Release|x64.Build.0 = Release|x64
		{B7563434-F30D-45EB-9551-6D3313118DD7}.Release|x86.ActiveCfg = Release|Win32
		{B7563434-F30D-45EB-9551-6D3313118DD7}.Release|x86.Build.0 = Release|Win32
		{964E6D63-BF48-4A3F-9E72-6D212F526EB1}.Debug|Any CPU.ActiveCfg = Debug|Win32
		{964E6D63-BF48-4A3F-9E72-6D212F526EB1}.Debug|x64.ActiveCfg = Debug|x64
		{964E6D63-BF48-4A3F-9E72-6D212F526EB1}.Debug|x64.Build.0 = Debug|x64
		{964E6D63-BF48-4A3F-9E72-6D212F526EB1}.Debug|x86.ActiveCfg = Debug|Win32
		{964E6D63-BF48-4A3F-9E72-6D212F526EB1}.Debug|x86.Build.0 = Debug|Win32
		{964E6D63-BF48-4A3F-9E72-6D212F526EB1}.Release|Any CPU.ActiveCfg = Release|Win32
		{964E6D63-BF48-4A3F-9E72-6D212F526EB1}.Release|x64.ActiveCfg = Release|x64
		{964E6D63-BF48-4A3F-9E72-6D212F526EB1}.Release|x64.Build.0 = Release|x64
		{964E6D63-BF48-4A3F-9E72-6D212F526EB1}.Release|x86.ActiveCfg = Release|Win32
		{964E6D63-BF48-4A3F-9E72-6D212F526EB1}.Release|x86.Build.0 = Release|Win32
		{B447D67A-3CA6-474D-AC2C-CE9B1A9C4F77}.Debug|Any CPU.ActiveCfg = Debug|Win32
		{B447D67A-3CA6-474D-AC2C-CE9B1A9C4F77}.Debug|x64.ActiveCfg = Debug|x64
		{B447D67A-3CA6-474D-AC2C-CE9B1A9C4F77}.Debug|x64.Build.0 = Debug|x64
		{B447D67A-3CA6-474D-AC2C-CE9B1A9C4F77}.Debug|x86.ActiveCfg = Debug|Win32
		{B447D67A-3CA6-474D-AC2C-CE9B1A9C4F77}.Debug|x86.Build.0 = Debug|Win32
		{B447D67A-3CA6-474D-AC2C-CE9B1A9C4F77}.Release|Any CPU.ActiveCfg = Release|Win32
		{B447D67A-3CA6-474D-AC2C-CE9B1A9C4F77}.Release|x64.ActiveCfg = Release|x64
		{B447D67A-3CA6-474D-AC2C-CE9B1A9C4F77}.Release|x64.Build.0 = Release|x64
		{B447D67A-3CA6-474D-AC2C-CE9B1A9C4F77}.Release|x86.ActiveCfg = Release|Win32
		{B447D67A-3CA6-474D-AC2C-CE9B1A9C4F77}.Release|x86.Build.0 = Release|Win32
		{A5BEB479-8326-41A0-9564-82ADAC48A6A5}.Debug|Any CPU.ActiveCfg = Debug|Win32
		{A5BEB479-8326-41A0-9564-82ADAC48A6A5}.Debug|x64.ActiveCfg = Debug|x64
		{A5BEB479-8326-41A0-9564-82ADAC48A6A5}.Debug|x64.Build.0 = Debug|x64
		{A5BEB479-8326-41A0-9564-82ADAC48A6A5}.Debug|x86.ActiveCfg = Debug|Win32
		{A5BEB479-8326-41A0-9564-82ADAC48A6A5}.Debug|x86.Build.0 = Debug|Win32
		{A5BEB479-8326-41A0-9564-82ADAC48A6A5}.Release|Any CPU.ActiveCfg = Release|Win32
		{A5BEB479-8326-41A0-9564-82ADAC48A6A5}.Release|x64.ActiveCfg = Release|x64
		{A5BEB479-8326-41A0-9564-82ADAC48A6A5}.Release|x64.Build.0 = Release|x64
		{A5BEB479-8326-41A0-9564-82ADAC48A6A5}.Release|x86.ActiveCfg = Release|Win32
		{A5BEB479-8326-41A0-9564-82ADAC48A6A5}.Release|x86.Build.0 = Release|Win32
		{918669E5-99AA-486B-902C-452E4EB260C9}.Debug|Any CPU.ActiveCfg = Debug|Win32
		{918669E5-99AA-486B-902C-452E4EB260C9}.Debug|x64.ActiveCfg = Debug|x64
		{918669E5-99AA-486B-902C-452E4EB260C9}.Debug|x64.Build.0 = Debug|x64
		{918669E5-99AA-486B-902C-452E4EB260C9}.Debug|x86.ActiveCfg = Debug|Win32
		{918669E5-99AA-486B-902C-452E4EB260C9}.Debug|x86.Build.0 = Debug|Win32
		{918669E5-99AA-486B-902C-452E4EB260C9}.Release|Any CPU.ActiveCfg = Release|Win32
		{918669E5-99AA-486B-902C-452E4EB260C9}.Release|x64.ActiveCfg = Release|x64
		{918669E5-99AA-486B-902C-452E4EB260C9}.Release|x64.Build.0 = Release|x64
		{918669E5-99AA-486B-902C-452E4EB260C9}.Release|x86.ActiveCfg = Release|Win32
		{918669E5-99AA-486B-902C-452E4EB260C9}.Release|x86.Build.0 = Release|Win32
		{BFA8427B-E83A-4ED0-9C17-D05D6096A1A8}.Debug|Any CPU.ActiveCfg = Debug|Win32
		{BFA8427B-E83A-4ED0-9C17-D05D6096A1A8}.Debug|x64.ActiveCfg = Debug|x64
		{BFA8427B-E83A-4ED0-9C17-D05D6096A1A8}.Debug|x64.Build.0 = Debug|x64
		{BFA8427B-E83A-4ED0-9C17-D05D6096A1A8}.Debug|x86.ActiveCfg = Debug|Win32
		{BFA8427B-E83A-4ED0-9C17-D05D6096A1A8}.Debug|x86.Build.0 = Debug|Win32
		{BFA8427B-E83A-4ED0-9C17-D05D6096A1A8}.Release|Any CPU.ActiveCfg = Release|Win32
		{BFA8427B-E83A-4ED0-9C17-D05D6096A1A8}.Release|x64.ActiveCfg = Release|x64
		{BFA8427B-E83A-4ED0-9C17-D05D6096A1A8}.Release|x64.Build.0 = Release|x64
		{BFA8427B-E83A-4ED0-9C17-D05D6096A1A8}.Release|x86.ActiveCfg = Release|Win32
		{BFA8427B-E83A-4ED0-9C17-D05D6096A1A8}.Release|x86.Build.0 = Release|Win32
		{1CF4A115-DEFA-4870-9AD3-B33974FA4FDD}.Debug|Any CPU.ActiveCfg = Debug|Win32
		{1CF4A115-DEFA-4870-9AD3-B33974FA4FDD}.Debug|x64.ActiveCfg = Debug|x64
		{1CF4A115-DEFA-4870-9AD3-B33974FA4FDD}.Debug|x64.Build.0 = Debug|x64
		{1CF4A115-DEFA-4870-9AD3-B33974FA4FDD}.Debug|x86.ActiveCfg = Debug|Win32
		{1CF4A115-DEFA-4870-9AD3-B33974FA4FDD}.Debug|x86.Build.0 = Debug|Win32
		{1CF4A115-DEFA-4870-9AD3-B33974FA4FDD}.Release|Any CPU.ActiveCfg = Release|Win32
		{1CF4A115-DEFA-4870-9AD3-B33974FA4FDD}.Release|x64.ActiveCfg = Release|x64
		{1CF4A115-DEFA-4870-9AD3-B33974FA4FDD}.Release|x64.Build.0 = Release|x64
		{1CF4A115-DEFA-4870-9AD3-B33974FA4FDD}.Release|x86.ActiveCfg = Release|Win32
		{1CF4A115-DEFA-4870-9AD3-B33974FA4FDD}.Release|x86.Build.0 = Release|Win32
		{ACFE33E6-0A5B-4285-8737-65F5E61FB275}.Debug|Any CPU.ActiveCfg = Debug|Win32
		{ACFE33E6-0A5B-4285-8737-65F5E61FB275}.Debug|x64.ActiveCfg = Debug|x64
		{ACFE33E6-0A5B-4285-8737-65F5E61FB275}.Debug|x64.Build.0 = Debug|x64
		{ACFE33E6-0A5B-4285-8737-65F5E61FB275}.Debug|x86.ActiveCfg = Debug|Win32
		{ACFE33E6-0A5B-4285-8737-65F5E61FB275}.Debug|x86.Build.0 = Debug|Win32
		{ACFE33E6-0A5B-4285-8737-65F5E61FB275}.Release|Any CPU.ActiveCfg = Release|Win32
		{ACFE33E6-0A5B-4285-8737-65F5E61FB275}.Release|x64.ActiveCfg = Release|x64
		{ACFE33E6-0A5B-4285-8737-65F5E61FB275}.Release|x64.Build.0 = Release|x64
		{ACFE33E6-0A5B-4285-8737-65F5E61FB275}.Release|x86.ActiveCfg = Release|Win32
		{ACFE33E6-0A5B-4285-8737-65F5E61FB275}.Release|x86.Build.0 = Release|Win32
		{58F1A7BC-BAB5-4223-B4A7-DB38762B6EEF}.Debug|Any CPU.ActiveCfg = Debug|Win32
		{58F1A7BC-BAB5-4223-B4A7-DB38762B6EEF}.Debug|x64.ActiveCfg = Debug|x64
		{58F1A7BC-BAB5-4223-B4A7-DB38762B6EEF}.Debug|x64.Build.0 = Debug|x64
		{58F1A7BC-BAB5-4223-B4A7-DB38762B6EEF}.Debug|x86.ActiveCfg = Debug|Win32
		{58F1A7BC-BAB5-4223-B4A7-DB38762B6EEF}.Debug|x86.Build.0 = Debug|Win32
		{58F1A7BC-BAB5-4223-B4A7-DB38762B6EEF}.Release|Any CPU.ActiveCfg = Release|Win32
		{58F1A7BC-BAB5-4223-B4A7-DB38762B6EEF}.Release|x64.ActiveCfg = Release|x64
		{58F1A7BC-BAB5-4223-B4A7-DB38762B6EEF}.Release|x64.Build.0 = Release|x64
		{58F1A7BC-BAB5-4223-B4A7-DB38762B6EEF}.Release|x86.ActiveCfg = Release|Win32
		{58F1A7BC-BAB5-4223-B4A7-DB38762B6EEF}.Release|x86.Build.0 = Release|Win32
		{F7E89FD0-7759-400E-8F5C-F9485C4F90E1}.Debug|Any CPU.ActiveCfg = Debug|Any CPU
		{F7E89FD0-7759-400E-8F5C-F9485C4F90E1}.Debug|x64.ActiveCfg = Debug|Any CPU
		{F7E89FD0-7759-400E-8F5C-F9485C4F90E1}.Debug|x86.ActiveCfg = Debug|Any CPU
		{F7E89FD0-7759-400E-8F5C-F9485C4F90E1}.Release|Any CPU.ActiveCfg = Release|Any CPU
		{F7E89FD0-7759-400E-8F5C-F9485C4F90E1}.Release|x64.ActiveCfg = Release|Any CPU
		{F7E89FD0-7759-400E-8F5C-F9485C4F90E1}.Release|x86.ActiveCfg = Release|Any CPU
		{0D834F01-1C2E-4FCB-BE73-872A983957E3}.Debug|Any CPU.ActiveCfg = Debug|Win32
		{0D834F01-1C2E-4FCB-BE73-872A983957E3}.Debug|x64.ActiveCfg = Debug|x64
		{0D834F01-1C2E-4FCB-BE73-872A983957E3}.Debug|x64.Build.0 = Debug|x64
		{0D834F01-1C2E-4FCB-BE73-872A983957E3}.Debug|x86.ActiveCfg = Debug|Win32
		{0D834F01-1C2E-4FCB-BE73-872A983957E3}.Debug|x86.Build.0 = Debug|Win32
		{0D834F01-1C2E-4FCB-BE73-872A983957E3}.Release|Any CPU.ActiveCfg = Release|Win32
		{0D834F01-1C2E-4FCB-BE73-872A983957E3}.Release|x64.ActiveCfg = Release|x64
		{0D834F01-1C2E-4FCB-BE73-872A983957E3}.Release|x64.Build.0 = Release|x64
		{0D834F01-1C2E-4FCB-BE73-872A983957E3}.Release|x86.ActiveCfg = Release|Win32
		{0D834F01-1C2E-4FCB-BE73-872A983957E3}.Release|x86.Build.0 = Release|Win32
	EndGlobalSection
	GlobalSection(SolutionProperties) = preSolution
		HideSolutionNode = FALSE
	EndGlobalSection
	GlobalSection(ExtensibilityGlobals) = postSolution
		SolutionGuid = {90A2CD7B-9E61-460A-B607-9589F8887781}
	EndGlobalSection
EndGlobal
