<?xml version="1.0" encoding="utf-8"?>
<Project ToolsVersion="4.0" xmlns="http://schemas.microsoft.com/developer/msbuild/2003">
  <ItemGroup>
    <ClCompile Include="BlackScholesPricerTest.cpp">
      <Filter>Pricer</Filter>
    </ClCompile>
  </ItemGroup>
  <ItemGroup>
    <Filter Include="Pricer">
      <UniqueIdentifier>{2736c6cf-006d-4ac9-98d0-a0165a3ccf0f}</UniqueIdentifier>
    </Filter>
  </ItemGroup>
</Project>