<?xml version="1.0" encoding="utf-8"?>
<Project ToolsVersion="4.0" xmlns="http://schemas.microsoft.com/developer/msbuild/2003">
  <ItemGroup>
    <ClCompile Include="$(MSBuildThisFileDirectory)..\..\lib\native\src\gtest\gtest-all.cc" />
    <ClCompile Include="$(MSBuildThisFileDirectory)..\..\lib\native\src\gmock\gmock-all.cc" />
    <ClCompile Include="InstrumentPortfolioTest.cpp">
      <Filter>Instrument</Filter>
    </ClCompile>
    <ClCompile Include="TurnbullWakemanPricerTest.cpp">
      <Filter>Pricer</Filter>
    </ClCompile>
    <ClCompile Include="Black76PricerTest.cpp">
      <Filter>Pricer</Filter>
    </ClCompile>
    <ClCompile Include="BlackScholesPricerTest.cpp">
      <Filter>Pricer</Filter>
    </ClCompile>
    <ClCompile Include="EuropeanOptionTest.cpp">
      <Filter>Instrument</Filter>
    </ClCompile>
    <ClCompile Include="CashFlowCollectionTest.cpp">
      <Filter>Instrument</Filter>
    </ClCompile>
    <ClCompile Include="DayCounterTest.cpp">
      <Filter>DayCounter</Filter>
    </ClCompile>
    <ClCompile Include="FixedRateCouponTest.cpp">
      <Filter>Instrument</Filter>
    </ClCompile>
    <ClCompile Include="FloatingRateCouponTest.cpp">
      <Filter>Instrument</Filter>
    </ClCompile>
    <ClCompile Include="SwapTest.cpp">
      <Filter>Instrument</Filter>
    </ClCompile>
    <ClCompile Include="ConstantParameterTest.cpp">
      <Filter>Parameters</Filter>
    </ClCompile>
    <ClCompile Include="PiecewiseConstantParameterTest.cpp">
      <Filter>Parameters</Filter>
    </ClCompile>
  </ItemGroup>
  <ItemGroup>
    <Filter Include="Pricer">
      <UniqueIdentifier>{2736c6cf-006d-4ac9-98d0-a0165a3ccf0f}</UniqueIdentifier>
    </Filter>
    <Filter Include="Instrument">
      <UniqueIdentifier>{968c60ad-5197-46fa-8ee5-598e512976c3}</UniqueIdentifier>
    </Filter>
    <Filter Include="Currency">
      <UniqueIdentifier>{5723084b-20d5-4efb-9724-586e074c0470}</UniqueIdentifier>
    </Filter>
    <Filter Include="DayCounter">
      <UniqueIdentifier>{4fd03935-bc76-4133-bd85-1f60c3983e07}</UniqueIdentifier>
    </Filter>
    <Filter Include="MarketData">
      <UniqueIdentifier>{dfa9d34e-32cd-4b44-94f0-7ad4b3920166}</UniqueIdentifier>
    </Filter>
    <Filter Include="Parameters">
      <UniqueIdentifier>{89f21c1c-f5a8-4317-9b5e-e977a782eea8}</UniqueIdentifier>
    </Filter>
    <Filter Include="StochasticProcess">
      <UniqueIdentifier>{83265fba-7705-4d29-8806-2eb726d1a9e5}</UniqueIdentifier>
    </Filter>
  </ItemGroup>
  <ItemGroup>
    <None Include="packages.config" />
  </ItemGroup>
  <ItemGroup>
    <ClInclude Include="CurrencyStub.h">
      <Filter>Currency</Filter>
    </ClInclude>
    <ClInclude Include="InstrumentStub.h">
      <Filter>Instrument</Filter>
    </ClInclude>
    <ClInclude Include="CashFlowStub.h">
      <Filter>Instrument</Filter>
    </ClInclude>
    <ClInclude Include="MarketDataStub.h">
      <Filter>MarketData</Filter>
    </ClInclude>
    <ClInclude Include="DayCounterStub.h">
      <Filter>DayCounter</Filter>
    </ClInclude>
  </ItemGroup>
</Project>