<?xml version="1.0" encoding="utf-8"?>
<Project ToolsVersion="4.0" xmlns="http://schemas.microsoft.com/developer/msbuild/2003">
  <ItemGroup>
    <Filter Include="Source Files">
      <UniqueIdentifier>{4FC737F1-C7A5-4376-A066-2A32D752A2FF}</UniqueIdentifier>
      <Extensions>cpp;c;cc;cxx;def;odl;idl;hpj;bat;asm;asmx</Extensions>
    </Filter>
    <Filter Include="Header Files">
      <UniqueIdentifier>{93995380-89BD-4b04-88EB-625FBE52EBFB}</UniqueIdentifier>
      <Extensions>h;hh;hpp;hxx;hm;inl;inc;ipp;xsd</Extensions>
    </Filter>
    <Filter Include="Resource Files">
      <UniqueIdentifier>{67DA6AB6-F800-4c08-8B7A-83BB121AAD01}</UniqueIdentifier>
      <Extensions>rc;ico;cur;bmp;dlg;rc2;rct;bin;rgs;gif;jpg;jpeg;jpe;resx;tiff;tif;png;wav;mfcribbon-ms</Extensions>
    </Filter>
    <Filter Include="Source Files\Functions">
      <UniqueIdentifier>{5790e5e9-96c2-4b1b-834f-8633cadd5e31}</UniqueIdentifier>
    </Filter>
    <Filter Include="Source Files\DayCounter">
      <UniqueIdentifier>{224ce135-ef60-4406-b9fa-df9956e4ecaf}</UniqueIdentifier>
    </Filter>
    <Filter Include="Source Files\Date">
      <UniqueIdentifier>{45b0bcf2-0a21-41c7-adaa-790db6d5a4e3}</UniqueIdentifier>
    </Filter>
    <Filter Include="Source Files\Calendar">
      <UniqueIdentifier>{0dad782a-22a0-4cd1-ae20-a3220fda9f22}</UniqueIdentifier>
    </Filter>
    <Filter Include="Source Files\BusinessDayConventions">
      <UniqueIdentifier>{71aeff7a-c289-4fbf-98a1-d86244965a91}</UniqueIdentifier>
    </Filter>
    <Filter Include="Source Files\Market">
      <UniqueIdentifier>{ea22c3e7-765f-4217-a3b4-68337b09e615}</UniqueIdentifier>
    </Filter>
    <Filter Include="Source Files\Market\Curve">
      <UniqueIdentifier>{699f10e2-aafc-4ef9-9129-0fd3f1f997b2}</UniqueIdentifier>
    </Filter>
  </ItemGroup>
  <ItemGroup>
    <None Include="packages.config" />
  </ItemGroup>
  <ItemGroup>
    <ClCompile Include="BlackScholesFormula.cpp">
      <Filter>Source Files\Functions</Filter>
    </ClCompile>
    <ClCompile Include="PyQff.cpp">
      <Filter>Source Files</Filter>
    </ClCompile>
    <ClCompile Include="Black76Formula.cpp">
      <Filter>Source Files\Functions</Filter>
    </ClCompile>
    <ClCompile Include="Actual360.cpp">
      <Filter>Source Files\DayCounter</Filter>
    </ClCompile>
    <ClCompile Include="BoostDate.cpp">
      <Filter>Source Files\Date</Filter>
    </ClCompile>
    <ClCompile Include="Actual365.cpp">
      <Filter>Source Files\DayCounter</Filter>
    </ClCompile>
    <ClCompile Include="LondonCalendar.cpp">
      <Filter>Source Files\Calendar</Filter>
    </ClCompile>
    <ClCompile Include="SydneyCalendar.cpp">
      <Filter>Source Files\Calendar</Filter>
    </ClCompile>
    <ClCompile Include="Following.cpp">
      <Filter>Source Files\BusinessDayConventions</Filter>
    </ClCompile>
    <ClCompile Include="ModifiedFollowing.cpp">
      <Filter>Source Files\BusinessDayConventions</Filter>
    </ClCompile>
    <ClCompile Include="Preceding.cpp">
      <Filter>Source Files\BusinessDayConventions</Filter>
    </ClCompile>
    <ClCompile Include="Unadjusted.cpp">
      <Filter>Source Files\BusinessDayConventions</Filter>
    </ClCompile>
    <ClCompile Include="ICalendar.cpp">
      <Filter>Source Files\Calendar</Filter>
    </ClCompile>
    <ClCompile Include="IDayCounter.cpp">
      <Filter>Source Files\DayCounter</Filter>
    </ClCompile>
    <ClCompile Include="IBusinessDayConvention.cpp">
      <Filter>Source Files\BusinessDayConventions</Filter>
    </ClCompile>
    <ClCompile Include="Thirty360Isda.cpp">
      <Filter>Source Files\DayCounter</Filter>
    </ClCompile>
    <ClCompile Include="ICreditCurve.cpp">
      <Filter>Source Files\Market\Curve</Filter>
    </ClCompile>
    <ClCompile Include="IInterestRateCurve.cpp">
      <Filter>Source Files\Market\Curve</Filter>
    </ClCompile>
    <ClCompile Include="InterestRateCurve.cpp">
      <Filter>Source Files\Market\Curve</Filter>
    </ClCompile>
    <ClCompile Include="FlatZeroRateCurve.cpp">
      <Filter>Source Files\Market\Curve</Filter>
    </ClCompile>
    <ClCompile Include="NewYorkFedCalendar.cpp">
      <Filter>Source Files\Calendar</Filter>
    </ClCompile>
  </ItemGroup>
</Project>