<?xml version="1.0" encoding="utf-8"?>
<Project ToolsVersion="4.0" xmlns="http://schemas.microsoft.com/developer/msbuild/2003">
  <ItemGroup>
    <Filter Include="Source Files">
      <UniqueIdentifier>{4FC737F1-C7A5-4376-A066-2A32D752A2FF}</UniqueIdentifier>
      <Extensions>cpp;c;cc;cxx;def;odl;idl;hpj;bat;asm;asmx</Extensions>
    </Filter>
    <Filter Include="Header Files">
      <UniqueIdentifier>{93995380-89BD-4b04-88EB-625FBE52EBFB}</UniqueIdentifier>
      <Extensions>h;hh;hpp;hxx;hm;inl;inc;ipp;xsd</Extensions>
    </Filter>
    <Filter Include="Resource Files">
      <UniqueIdentifier>{67DA6AB6-F800-4c08-8B7A-83BB121AAD01}</UniqueIdentifier>
      <Extensions>rc;ico;cur;bmp;dlg;rc2;rct;bin;rgs;gif;jpg;jpeg;jpe;resx;tiff;tif;png;wav;mfcribbon-ms</Extensions>
    </Filter>
    <Filter Include="Header Files\Interpolator">
      <UniqueIdentifier>{e190d393-25c8-48bf-aa66-95838f58c4c9}</UniqueIdentifier>
    </Filter>
    <Filter Include="Header Files\Calendar">
      <UniqueIdentifier>{c62652a7-838a-47e7-bd08-eb5c365d6d47}</UniqueIdentifier>
    </Filter>
    <Filter Include="Header Files\DayCounter">
      <UniqueIdentifier>{82fb6e38-3d34-41d4-98a1-0d73445e74c5}</UniqueIdentifier>
    </Filter>
    <Filter Include="Source Files\Interpolator">
      <UniqueIdentifier>{5cead426-9088-4393-896a-a72b88887a84}</UniqueIdentifier>
    </Filter>
    <Filter Include="Source Files\Calendar">
      <UniqueIdentifier>{4a409443-598b-4c19-9c2f-78de2ad93304}</UniqueIdentifier>
    </Filter>
    <Filter Include="Source Files\DayCounter">
      <UniqueIdentifier>{22b33229-1987-4697-a757-9a3bd52b2e7d}</UniqueIdentifier>
    </Filter>
    <Filter Include="Header Files\Pricer">
      <UniqueIdentifier>{79675448-3dfd-40b2-a5df-dadc72c11236}</UniqueIdentifier>
    </Filter>
    <Filter Include="Source Files\Pricer">
      <UniqueIdentifier>{ca6eb20f-4fbd-4f9a-addc-cc0f00b54563}</UniqueIdentifier>
    </Filter>
    <Filter Include="Header Files\MarketData">
      <UniqueIdentifier>{84c671d6-f62c-498b-b1e9-5cfd5415102a}</UniqueIdentifier>
    </Filter>
    <Filter Include="Source Files\MarketData">
      <UniqueIdentifier>{968493cc-1a9f-4f8b-b942-beaaf883084e}</UniqueIdentifier>
    </Filter>
    <Filter Include="Header Files\Currency">
      <UniqueIdentifier>{960ce2a4-d795-4e1f-ad7a-897156348598}</UniqueIdentifier>
    </Filter>
    <Filter Include="Source Files\Currency">
      <UniqueIdentifier>{cb6ee74b-c221-49b2-a0be-01dc17fe25de}</UniqueIdentifier>
    </Filter>
    <Filter Include="Header Files\Functions">
      <UniqueIdentifier>{eb690ddf-a462-45e7-a0ac-05abbb625b91}</UniqueIdentifier>
    </Filter>
    <Filter Include="Source Files\Functions">
      <UniqueIdentifier>{fa0f09bc-f239-4eed-b104-b287fc89f4d6}</UniqueIdentifier>
    </Filter>
    <Filter Include="Header Files\MarketData\Curves">
      <UniqueIdentifier>{8109ad32-39b9-41d4-965d-82e9191ca8c4}</UniqueIdentifier>
    </Filter>
    <Filter Include="Source Files\MarketData\Curves">
      <UniqueIdentifier>{3a52e4ff-1d38-4e3b-abac-2595fcac8c17}</UniqueIdentifier>
    </Filter>
    <Filter Include="Header Files\Random">
      <UniqueIdentifier>{badbd839-f83a-4edf-b78f-6b760a7e2bb9}</UniqueIdentifier>
    </Filter>
    <Filter Include="Source Files\Random">
      <UniqueIdentifier>{36a95de2-ae7a-499c-87e7-a58f844c3eb3}</UniqueIdentifier>
    </Filter>
    <Filter Include="Source Files\Parameters">
      <UniqueIdentifier>{46cbc042-afb7-4d31-91eb-f66ddcd1786b}</UniqueIdentifier>
    </Filter>
    <Filter Include="Header Files\Parameters">
      <UniqueIdentifier>{2c4ffd4a-9866-41a2-b898-32795967b26b}</UniqueIdentifier>
    </Filter>
    <Filter Include="Header Files\Products">
      <UniqueIdentifier>{654b32be-d241-4476-8d3d-888587bdc28b}</UniqueIdentifier>
    </Filter>
    <Filter Include="Source Files\Products">
      <UniqueIdentifier>{d181d052-fe68-4165-a420-0c09b9805e24}</UniqueIdentifier>
    </Filter>
    <Filter Include="Header Files\BusinessDayConventions">
      <UniqueIdentifier>{01d98ce0-ba17-4964-bec7-cd635739d1b1}</UniqueIdentifier>
    </Filter>
    <Filter Include="Source Files\BusinessDayConventions">
      <UniqueIdentifier>{6cc147c6-d484-4f0d-af14-50a8ab0a0d66}</UniqueIdentifier>
    </Filter>
    <Filter Include="Header Files\Indices">
      <UniqueIdentifier>{cca7b738-d9db-4279-86ec-acd23cb92d88}</UniqueIdentifier>
    </Filter>
    <Filter Include="Source Files\Indices">
      <UniqueIdentifier>{7baa0f54-e90f-46f0-a5ce-9c91e42708e4}</UniqueIdentifier>
    </Filter>
    <Filter Include="Source Files\Products\Cashflows">
      <UniqueIdentifier>{74b46382-d736-45be-a423-75faac3f5678}</UniqueIdentifier>
    </Filter>
    <Filter Include="Header Files\Products\Cashflows">
      <UniqueIdentifier>{f29d0c76-ef6f-4e7b-a778-5a23419bc718}</UniqueIdentifier>
    </Filter>
    <Filter Include="Source Files\Date">
      <UniqueIdentifier>{5cac0a82-0112-4ee3-b891-98c2290d2681}</UniqueIdentifier>
    </Filter>
    <Filter Include="Header Files\Date">
      <UniqueIdentifier>{b9ecc3c9-0219-40e8-834b-2a13593e0bb6}</UniqueIdentifier>
    </Filter>
  </ItemGroup>
  <ItemGroup>
    <ClInclude Include="ICalendar.h">
      <Filter>Header Files\Calendar</Filter>
    </ClInclude>
    <ClInclude Include="IDayCounter.h">
      <Filter>Header Files\DayCounter</Filter>
    </ClInclude>
    <ClInclude Include="MarketData.h">
      <Filter>Header Files\MarketData</Filter>
    </ClInclude>
    <ClInclude Include="Black76Formula.h">
      <Filter>Header Files\Functions</Filter>
    </ClInclude>
    <ClInclude Include="BlackScholesFormula.h">
      <Filter>Header Files\Functions</Filter>
    </ClInclude>
    <ClInclude Include="Swap.h">
      <Filter>Header Files\Products</Filter>
    </ClInclude>
    <ClInclude Include="IMarketData.h">
      <Filter>Header Files\MarketData</Filter>
    </ClInclude>
    <ClInclude Include="INormalRandomSequenceGenerator.h">
      <Filter>Header Files\Random</Filter>
    </ClInclude>
    <ClInclude Include="PseudoNormalRsg.h">
      <Filter>Header Files\Random</Filter>
    </ClInclude>
    <ClInclude Include="IParameter.h">
      <Filter>Header Files\Parameters</Filter>
    </ClInclude>
    <ClInclude Include="ConstantParameter.h">
      <Filter>Header Files\Parameters</Filter>
    </ClInclude>
    <ClInclude Include="PiecewiseConstantParameter.h">
      <Filter>Header Files\Parameters</Filter>
    </ClInclude>
    <ClInclude Include="SobolNormalRsg.h">
      <Filter>Header Files\Random</Filter>
    </ClInclude>
    <ClInclude Include="BeasleySpringerMoroInverseNormalCDF.h">
      <Filter>Header Files\Functions</Filter>
    </ClInclude>
    <ClInclude Include="NormalRsgFactory.h">
      <Filter>Header Files\Random</Filter>
    </ClInclude>
    <ClInclude Include="Currency.h">
      <Filter>Header Files\Currency</Filter>
    </ClInclude>
    <ClInclude Include="DiscountFactorCurve.h">
      <Filter>Header Files\MarketData\Curves</Filter>
    </ClInclude>
    <ClInclude Include="IInterestRateCurve.h">
      <Filter>Header Files\MarketData\Curves</Filter>
    </ClInclude>
    <ClInclude Include="IInterpolator.h">
      <Filter>Header Files\Interpolator</Filter>
    </ClInclude>
    <ClInclude Include="IProduct.h">
      <Filter>Header Files\Products</Filter>
    </ClInclude>
    <ClInclude Include="Interpolation.h">
      <Filter>Header Files\Functions</Filter>
    </ClInclude>
    <ClInclude Include="CurveInterpolator.h">
      <Filter>Header Files\Interpolator</Filter>
    </ClInclude>
    <ClInclude Include="Leg.h">
      <Filter>Header Files\Products</Filter>
    </ClInclude>
    <ClInclude Include="IBusinessDayConvention.h">
      <Filter>Header Files\BusinessDayConventions</Filter>
    </ClInclude>
    <ClInclude Include="BaseCalendar.h">
      <Filter>Header Files\Calendar</Filter>
    </ClInclude>
    <ClInclude Include="ModifiedFollowing.h">
      <Filter>Header Files\BusinessDayConventions</Filter>
    </ClInclude>
    <ClInclude Include="Following.h">
      <Filter>Header Files\BusinessDayConventions</Filter>
    </ClInclude>
    <ClInclude Include="Preceding.h">
      <Filter>Header Files\BusinessDayConventions</Filter>
    </ClInclude>
    <ClInclude Include="Actual365.h">
      <Filter>Header Files\DayCounter</Filter>
    </ClInclude>
    <ClInclude Include="Actual360.h">
      <Filter>Header Files\DayCounter</Filter>
    </ClInclude>
    <ClInclude Include="Unadjusted.h">
      <Filter>Header Files\BusinessDayConventions</Filter>
    </ClInclude>
    <ClInclude Include="SydneyCalendar.h">
      <Filter>Header Files\Calendar</Filter>
    </ClInclude>
    <ClInclude Include="NewYorkCalendar.h">
      <Filter>Header Files\Calendar</Filter>
    </ClInclude>
    <ClInclude Include="LondonCalendar.h">
      <Filter>Header Files\Calendar</Filter>
    </ClInclude>
    <ClInclude Include="CompositeCalendar.h">
      <Filter>Header Files\Calendar</Filter>
    </ClInclude>
    <ClInclude Include="IIndex.h">
      <Filter>Header Files\Indices</Filter>
    </ClInclude>
    <ClInclude Include="IborIndex.h">
      <Filter>Header Files\Indices</Filter>
    </ClInclude>
    <ClInclude Include="FixedCashflow.h">
      <Filter>Header Files\Products\Cashflows</Filter>
    </ClInclude>
    <ClInclude Include="FixedCoupon.h">
      <Filter>Header Files\Products\Cashflows</Filter>
    </ClInclude>
    <ClInclude Include="ICashflow.h">
      <Filter>Header Files\Products\Cashflows</Filter>
    </ClInclude>
    <ClInclude Include="Thirty360Isda.h">
      <Filter>Header Files\DayCounter</Filter>
    </ClInclude>
    <ClInclude Include="SwapScheduler.h">
      <Filter>Header Files\Products</Filter>
    </ClInclude>
    <ClInclude Include="CompoundedOvernightIndex.h">
      <Filter>Header Files\Indices</Filter>
    </ClInclude>
    <ClInclude Include="FloatingCoupon.h">
      <Filter>Header Files\Products\Cashflows</Filter>
    </ClInclude>
    <ClInclude Include="AveragedOvernightIndex.h">
      <Filter>Header Files\Indices</Filter>
    </ClInclude>
    <ClInclude Include="FlatZeroCurve.h">
      <Filter>Header Files\MarketData\Curves</Filter>
    </ClInclude>
    <ClInclude Include="ICreditCurve.h">
      <Filter>Header Files\MarketData\Curves</Filter>
    </ClInclude>
    <ClInclude Include="SurvivalCurve.h">
      <Filter>Header Files\MarketData\Curves</Filter>
    </ClInclude>
    <ClInclude Include="Period.h">
      <Filter>Header Files\Date</Filter>
    </ClInclude>
    <ClInclude Include="DateFunctions.h">
      <Filter>Header Files\Date</Filter>
    </ClInclude>
  </ItemGroup>
  <ItemGroup>
    <ClCompile Include="Black76Formula.cpp">
      <Filter>Source Files\Functions</Filter>
    </ClCompile>
    <ClCompile Include="BlackScholesFormula.cpp">
      <Filter>Source Files\Functions</Filter>
    </ClCompile>
    <ClCompile Include="Swap.cpp">
      <Filter>Source Files\Products</Filter>
    </ClCompile>
    <ClCompile Include="MarketData.cpp">
      <Filter>Source Files\MarketData</Filter>
    </ClCompile>
    <ClCompile Include="PseudoNormalRsg.cpp">
      <Filter>Source Files\Random</Filter>
    </ClCompile>
    <ClCompile Include="IParameter.cpp">
      <Filter>Source Files\Parameters</Filter>
    </ClCompile>
    <ClCompile Include="ConstantParameter.cpp">
      <Filter>Source Files\Parameters</Filter>
    </ClCompile>
    <ClCompile Include="PiecewiseConstantParameter.cpp">
      <Filter>Source Files\Parameters</Filter>
    </ClCompile>
    <ClCompile Include="SobolNormalRsg.cpp">
      <Filter>Source Files\Random</Filter>
    </ClCompile>
    <ClCompile Include="BeasleySpringerMoroInverseNormalCDF.cpp">
      <Filter>Source Files\Functions</Filter>
    </ClCompile>
    <ClCompile Include="NormalRsgFactory.cpp">
      <Filter>Source Files\Random</Filter>
    </ClCompile>
    <ClCompile Include="Currency.cpp">
      <Filter>Source Files\Currency</Filter>
    </ClCompile>
    <ClCompile Include="DiscountFactorCurve.cpp">
      <Filter>Source Files\MarketData\Curves</Filter>
    </ClCompile>
    <ClCompile Include="Interpolation.cpp">
      <Filter>Source Files\Functions</Filter>
    </ClCompile>
    <ClCompile Include="CurveInterpolator.cpp">
      <Filter>Source Files\Interpolator</Filter>
    </ClCompile>
    <ClCompile Include="Leg.cpp">
      <Filter>Source Files\Products</Filter>
    </ClCompile>
    <ClCompile Include="BaseCalendar.cpp">
      <Filter>Source Files\Calendar</Filter>
    </ClCompile>
    <ClCompile Include="ModifiedFollowing.cpp">
      <Filter>Source Files\BusinessDayConventions</Filter>
    </ClCompile>
    <ClCompile Include="Following.cpp">
      <Filter>Source Files\BusinessDayConventions</Filter>
    </ClCompile>
    <ClCompile Include="Preceding.cpp">
      <Filter>Source Files\BusinessDayConventions</Filter>
    </ClCompile>
    <ClCompile Include="Actual365.cpp">
      <Filter>Source Files\DayCounter</Filter>
    </ClCompile>
    <ClCompile Include="Actual360.cpp">
      <Filter>Source Files\DayCounter</Filter>
    </ClCompile>
    <ClCompile Include="Unadjusted.cpp">
      <Filter>Source Files\BusinessDayConventions</Filter>
    </ClCompile>
    <ClCompile Include="SydenyCalendar.cpp">
      <Filter>Source Files\Calendar</Filter>
    </ClCompile>
    <ClCompile Include="LondonCalendar.cpp">
      <Filter>Source Files\Calendar</Filter>
    </ClCompile>
    <ClCompile Include="NewYorkCalendar.cpp">
      <Filter>Source Files\Calendar</Filter>
    </ClCompile>
    <ClCompile Include="CompositeCalendar.cpp">
      <Filter>Source Files\Calendar</Filter>
    </ClCompile>
    <ClCompile Include="IborIndex.cpp">
      <Filter>Source Files\Indices</Filter>
    </ClCompile>
    <ClCompile Include="FixedCashflow.cpp">
      <Filter>Source Files\Products\Cashflows</Filter>
    </ClCompile>
    <ClCompile Include="FixedCoupon.cpp">
      <Filter>Source Files\Products\Cashflows</Filter>
    </ClCompile>
    <ClCompile Include="Thirty360Isda.cpp">
      <Filter>Source Files\DayCounter</Filter>
    </ClCompile>
    <ClCompile Include="SwapScheduler.cpp">
      <Filter>Source Files\Products</Filter>
    </ClCompile>
    <ClCompile Include="CompoundedOvernightIndex.cpp">
      <Filter>Source Files\Indices</Filter>
    </ClCompile>
    <ClCompile Include="FloatingCoupon.cpp">
      <Filter>Source Files\Products\Cashflows</Filter>
    </ClCompile>
    <ClCompile Include="AveragedOvernightIndex.cpp">
      <Filter>Source Files\Indices</Filter>
    </ClCompile>
    <ClCompile Include="FlatZeroCurve.cpp">
      <Filter>Source Files\MarketData\Curves</Filter>
    </ClCompile>
    <ClCompile Include="SurvivalCurve.cpp">
      <Filter>Source Files\MarketData\Curves</Filter>
    </ClCompile>
    <ClCompile Include="Period.cpp">
      <Filter>Source Files\Date</Filter>
    </ClCompile>
    <ClCompile Include="DateFunctions.cpp">
      <Filter>Source Files\Date</Filter>
    </ClCompile>
  </ItemGroup>
  <ItemGroup>
    <None Include="packages.config" />
  </ItemGroup>
</Project>