<?xml version="1.0" encoding="utf-8"?>
<Project ToolsVersion="4.0" xmlns="http://schemas.microsoft.com/developer/msbuild/2003">
  <ItemGroup>
    <Filter Include="Source Files">
      <UniqueIdentifier>{4FC737F1-C7A5-4376-A066-2A32D752A2FF}</UniqueIdentifier>
      <Extensions>cpp;c;cc;cxx;def;odl;idl;hpj;bat;asm;asmx</Extensions>
    </Filter>
    <Filter Include="Header Files">
      <UniqueIdentifier>{93995380-89BD-4b04-88EB-625FBE52EBFB}</UniqueIdentifier>
      <Extensions>h;hh;hpp;hxx;hm;inl;inc;ipp;xsd</Extensions>
    </Filter>
    <Filter Include="Resource Files">
      <UniqueIdentifier>{67DA6AB6-F800-4c08-8B7A-83BB121AAD01}</UniqueIdentifier>
      <Extensions>rc;ico;cur;bmp;dlg;rc2;rct;bin;rgs;gif;jpg;jpeg;jpe;resx;tiff;tif;png;wav;mfcribbon-ms</Extensions>
    </Filter>
    <Filter Include="Header Files\BusinessDayConventions">
      <UniqueIdentifier>{298f0f82-7e20-4e08-8265-12c3a38b708e}</UniqueIdentifier>
    </Filter>
    <Filter Include="Header Files\Date">
      <UniqueIdentifier>{b25c8e7f-d955-4b92-8ae1-d2bb03590d72}</UniqueIdentifier>
    </Filter>
    <Filter Include="Header Files\Functions">
      <UniqueIdentifier>{e58159cb-dce5-4ebe-9986-f46a1ce8843b}</UniqueIdentifier>
    </Filter>
    <Filter Include="Header Files\Indices">
      <UniqueIdentifier>{4750f413-3eb8-43af-a091-d87dcbd83bda}</UniqueIdentifier>
    </Filter>
    <Filter Include="Header Files\Parameters">
      <UniqueIdentifier>{11e36d87-a90a-4135-8bd1-598b8ab15b78}</UniqueIdentifier>
    </Filter>
    <Filter Include="Header Files\Pricers">
      <UniqueIdentifier>{fd787a95-b75d-4d7f-b13d-9f0e68a66f11}</UniqueIdentifier>
    </Filter>
    <Filter Include="Header Files\Products">
      <UniqueIdentifier>{66bf03b6-fb93-4859-aeda-0a15170b1102}</UniqueIdentifier>
    </Filter>
    <Filter Include="Source Files\BusinessDayConventions">
      <UniqueIdentifier>{c02d0b13-68bc-4d89-902b-3e314caa3563}</UniqueIdentifier>
    </Filter>
    <Filter Include="Source Files\Date">
      <UniqueIdentifier>{026592c6-01fc-4c4d-8017-e31920acefdc}</UniqueIdentifier>
    </Filter>
    <Filter Include="Header Files\Calendars">
      <UniqueIdentifier>{a03bf31b-f4a2-43f1-8cd3-1e0e935241b2}</UniqueIdentifier>
    </Filter>
    <Filter Include="Header Files\Currencies">
      <UniqueIdentifier>{b5669aee-d6f5-4288-aaf8-fec6fc0ea86e}</UniqueIdentifier>
    </Filter>
    <Filter Include="Header Files\DayCounters">
      <UniqueIdentifier>{d058e818-0862-4fc6-a2eb-0ea4094abba6}</UniqueIdentifier>
    </Filter>
    <Filter Include="Source Files\DayCounters">
      <UniqueIdentifier>{96c2abec-1481-442b-adc2-c9247d1c330d}</UniqueIdentifier>
    </Filter>
    <Filter Include="Header Files\Interpolators">
      <UniqueIdentifier>{69454032-3b2e-40f9-8a58-6b8a4517f836}</UniqueIdentifier>
    </Filter>
    <Filter Include="Header Files\Randoms">
      <UniqueIdentifier>{afd9474a-8166-451c-b43e-8cccfc24c919}</UniqueIdentifier>
    </Filter>
    <Filter Include="Header Files\PricingEnvironment">
      <UniqueIdentifier>{d8c5b255-1ad2-49fd-80f2-ef620b2bd6ac}</UniqueIdentifier>
    </Filter>
    <Filter Include="Source Files\Calendars">
      <UniqueIdentifier>{5d7d9acb-da72-4fea-a3c3-d38364068253}</UniqueIdentifier>
    </Filter>
    <Filter Include="Source Files\Products">
      <UniqueIdentifier>{7e9013d1-7dc8-46b8-9939-493ffc617804}</UniqueIdentifier>
    </Filter>
    <Filter Include="Header Files\Results">
      <UniqueIdentifier>{9c603fae-ea66-4c0e-8096-cfa26f0c36e7}</UniqueIdentifier>
    </Filter>
    <Filter Include="Source Files\Results">
      <UniqueIdentifier>{d0005dc9-2ad2-4eaf-9b78-56f4a3c66cf7}</UniqueIdentifier>
    </Filter>
    <Filter Include="Header Files\PricingEnvironment\IrCurves">
      <UniqueIdentifier>{8916fdf5-e18d-4872-b598-1ca925538b84}</UniqueIdentifier>
    </Filter>
    <Filter Include="Header Files\PricingEnvironment\CrCurves">
      <UniqueIdentifier>{735ac80c-e02b-49ec-a3d8-40b6e2d90c96}</UniqueIdentifier>
    </Filter>
    <Filter Include="Header Files\Products\Legs">
      <UniqueIdentifier>{76547c44-502f-4b0c-8da1-09718a1eebdf}</UniqueIdentifier>
    </Filter>
    <Filter Include="Header Files\Products\Cashflows">
      <UniqueIdentifier>{28e30222-ef1b-4d46-af7a-ddaee228e92b}</UniqueIdentifier>
    </Filter>
    <Filter Include="Header Files\Utilities">
      <UniqueIdentifier>{3cb05554-bf0c-41ab-aecb-f41a10cfc16e}</UniqueIdentifier>
    </Filter>
    <Filter Include="Source Files\Utilities">
      <UniqueIdentifier>{aa849e33-9e5b-45f1-9175-ac2563f8e0f4}</UniqueIdentifier>
    </Filter>
  </ItemGroup>
  <ItemGroup>
    <ClCompile Include="Actual365.cpp">
      <Filter>Source Files\DayCounters</Filter>
    </ClCompile>
    <ClCompile Include="DateFunctions.cpp">
      <Filter>Source Files\Date</Filter>
    </ClCompile>
    <ClCompile Include="Following.cpp">
      <Filter>Source Files\BusinessDayConventions</Filter>
    </ClCompile>
    <ClCompile Include="Period.cpp">
      <Filter>Source Files\Date</Filter>
    </ClCompile>
    <ClCompile Include="Preceding.cpp">
      <Filter>Source Files\BusinessDayConventions</Filter>
    </ClCompile>
    <ClCompile Include="Unadjusted.cpp">
      <Filter>Source Files\BusinessDayConventions</Filter>
    </ClCompile>
    <ClCompile Include="ModifiedFollowing.cpp">
      <Filter>Source Files\BusinessDayConventions</Filter>
    </ClCompile>
    <ClCompile Include="BaseCalendar.cpp">
      <Filter>Source Files\Calendars</Filter>
    </ClCompile>
    <ClCompile Include="CompositeCalendar.cpp">
      <Filter>Source Files\Calendars</Filter>
    </ClCompile>
    <ClCompile Include="LondonCalendar.cpp">
      <Filter>Source Files\Calendars</Filter>
    </ClCompile>
    <ClCompile Include="SydenyCalendar.cpp">
      <Filter>Source Files\Calendars</Filter>
    </ClCompile>
    <ClCompile Include="Actual360.cpp">
      <Filter>Source Files\DayCounters</Filter>
    </ClCompile>
    <ClCompile Include="Thirty360Isda.cpp">
      <Filter>Source Files\DayCounters</Filter>
    </ClCompile>
    <ClCompile Include="SwapScheduler.cpp">
      <Filter>Source Files\Products</Filter>
    </ClCompile>
    <ClCompile Include="IrResult.cpp">
      <Filter>Source Files\Results</Filter>
    </ClCompile>
    <ClCompile Include="IrDeltas.cpp">
      <Filter>Source Files\Results</Filter>
    </ClCompile>
    <ClCompile Include="UsBondMarketCalendar.cpp">
      <Filter>Source Files\Calendars</Filter>
    </ClCompile>
    <ClCompile Include="NewYorkFedCalendar.cpp">
      <Filter>Source Files\Calendars</Filter>
    </ClCompile>
    <ClCompile Include="Target2Calendar.cpp">
      <Filter>Source Files\Calendars</Filter>
    </ClCompile>
    <ClCompile Include="..\include\dlib\source\dlib\all\dlib_all.cpp">
      <Filter>Source Files\Utilities</Filter>
    </ClCompile>
  </ItemGroup>
  <ItemGroup>
    <ClInclude Include="Actual365.h">
      <Filter>Header Files\DayCounters</Filter>
    </ClInclude>
    <ClInclude Include="CurveInterpolator.h">
      <Filter>Header Files\Interpolators</Filter>
    </ClInclude>
    <ClInclude Include="Following.h">
      <Filter>Header Files\BusinessDayConventions</Filter>
    </ClInclude>
    <ClInclude Include="IBusinessDayConvention.h">
      <Filter>Header Files\BusinessDayConventions</Filter>
    </ClInclude>
    <ClInclude Include="ICalendar.h">
      <Filter>Header Files\Calendars</Filter>
    </ClInclude>
    <ClInclude Include="IDayCounter.h">
      <Filter>Header Files\DayCounters</Filter>
    </ClInclude>
    <ClInclude Include="Interpolation.h">
      <Filter>Header Files\Functions</Filter>
    </ClInclude>
    <ClInclude Include="IInterpolator.h">
      <Filter>Header Files\Interpolators</Filter>
    </ClInclude>
    <ClInclude Include="IProduct.h">
      <Filter>Header Files\Products</Filter>
    </ClInclude>
    <ClInclude Include="Period.h">
      <Filter>Header Files\Date</Filter>
    </ClInclude>
    <ClInclude Include="Unadjusted.h">
      <Filter>Header Files\BusinessDayConventions</Filter>
    </ClInclude>
    <ClInclude Include="Preceding.h">
      <Filter>Header Files\BusinessDayConventions</Filter>
    </ClInclude>
    <ClInclude Include="DateFunctions.h">
      <Filter>Header Files\Date</Filter>
    </ClInclude>
    <ClInclude Include="Black76Formula.h">
      <Filter>Header Files\Functions</Filter>
    </ClInclude>
    <ClInclude Include="BlackScholesFormula.h">
      <Filter>Header Files\Functions</Filter>
    </ClInclude>
    <ClInclude Include="IPricingEnvironment.h">
      <Filter>Header Files\PricingEnvironment</Filter>
    </ClInclude>
    <ClInclude Include="PricingEnvironment.h">
      <Filter>Header Files\PricingEnvironment</Filter>
    </ClInclude>
    <ClInclude Include="IIndex.h">
      <Filter>Header Files\Indices</Filter>
    </ClInclude>
    <ClInclude Include="IborIndex.h">
      <Filter>Header Files\Indices</Filter>
    </ClInclude>
    <ClInclude Include="ModifiedFollowing.h">
      <Filter>Header Files\BusinessDayConventions</Filter>
    </ClInclude>
    <ClInclude Include="BaseCalendar.h">
      <Filter>Header Files\Calendars</Filter>
    </ClInclude>
    <ClInclude Include="CompositeCalendar.h">
      <Filter>Header Files\Calendars</Filter>
    </ClInclude>
    <ClInclude Include="LondonCalendar.h">
      <Filter>Header Files\Calendars</Filter>
    </ClInclude>
    <ClInclude Include="SydneyCalendar.h">
      <Filter>Header Files\Calendars</Filter>
    </ClInclude>
    <ClInclude Include="Actual360.h">
      <Filter>Header Files\DayCounters</Filter>
    </ClInclude>
    <ClInclude Include="Thirty360Isda.h">
      <Filter>Header Files\DayCounters</Filter>
    </ClInclude>
    <ClInclude Include="CompoundedOvernightIndex.h">
      <Filter>Header Files\Indices</Filter>
    </ClInclude>
    <ClInclude Include="SwapScheduler.h">
      <Filter>Header Files\Products</Filter>
    </ClInclude>
    <ClInclude Include="AveragedOvernightIndex.h">
      <Filter>Header Files\Indices</Filter>
    </ClInclude>
    <ClInclude Include="IrDeltas.h">
      <Filter>Header Files\Results</Filter>
    </ClInclude>
    <ClInclude Include="IrResult.h">
      <Filter>Header Files\Results</Filter>
    </ClInclude>
    <ClInclude Include="CalculateIrResult.h">
      <Filter>Header Files\Functions</Filter>
    </ClInclude>
    <ClInclude Include="UsBondMarketCalendar.h">
      <Filter>Header Files\Calendars</Filter>
    </ClInclude>
    <ClInclude Include="DiscountFactorCurve.h">
      <Filter>Header Files\PricingEnvironment\IrCurves</Filter>
    </ClInclude>
    <ClInclude Include="IInterestRateCurve.h">
      <Filter>Header Files\PricingEnvironment\IrCurves</Filter>
    </ClInclude>
    <ClInclude Include="InterestRateCurve.h">
      <Filter>Header Files\PricingEnvironment\IrCurves</Filter>
    </ClInclude>
    <ClInclude Include="ZeroRateCurve.h">
      <Filter>Header Files\PricingEnvironment\IrCurves</Filter>
    </ClInclude>
    <ClInclude Include="ICreditCurve.h">
      <Filter>Header Files\PricingEnvironment\CrCurves</Filter>
    </ClInclude>
    <ClInclude Include="SurvivalCurve.h">
      <Filter>Header Files\PricingEnvironment\CrCurves</Filter>
    </ClInclude>
    <ClInclude Include="FlatZeroRateCurve.h">
      <Filter>Header Files\PricingEnvironment\IrCurves</Filter>
    </ClInclude>
    <ClInclude Include="NewYorkFedCalendar.h">
      <Filter>Header Files\Calendars</Filter>
    </ClInclude>
    <ClInclude Include="Target2Calendar.h">
      <Filter>Header Files\Calendars</Filter>
    </ClInclude>
    <ClInclude Include="Currency.h">
      <Filter>Header Files\Currencies</Filter>
    </ClInclude>
    <ClInclude Include="InterestRateSwap.h">
      <Filter>Header Files\Products</Filter>
    </ClInclude>
    <ClInclude Include="FixedLeg.h">
      <Filter>Header Files\Products\Legs</Filter>
    </ClInclude>
    <ClInclude Include="ProtectionLeg.h">
      <Filter>Header Files\Products\Legs</Filter>
    </ClInclude>
    <ClInclude Include="FloatingLeg.h">
      <Filter>Header Files\Products\Legs</Filter>
    </ClInclude>
    <ClInclude Include="CdsPremium.h">
      <Filter>Header Files\Products\Cashflows</Filter>
    </ClInclude>
    <ClInclude Include="FixedCashflow.h">
      <Filter>Header Files\Products\Cashflows</Filter>
    </ClInclude>
    <ClInclude Include="FixedCoupon.h">
      <Filter>Header Files\Products\Cashflows</Filter>
    </ClInclude>
    <ClInclude Include="FloatingCoupon.h">
      <Filter>Header Files\Products\Cashflows</Filter>
    </ClInclude>
    <ClInclude Include="ICashflow.h">
      <Filter>Header Files\Products\Cashflows</Filter>
    </ClInclude>
    <ClInclude Include="GenericSwap.h">
      <Filter>Header Files\Products</Filter>
    </ClInclude>
    <ClInclude Include="GenericLeg.h">
      <Filter>Header Files\Products\Legs</Filter>
    </ClInclude>
    <ClInclude Include="BasisSwap.h">
      <Filter>Header Files\Products</Filter>
    </ClInclude>
    <ClInclude Include="CalibrateIrCurves.h">
      <Filter>Header Files\Functions</Filter>
    </ClInclude>
  </ItemGroup>
  <ItemGroup>
    <None Include="packages.config" />
  </ItemGroup>
</Project>