<?xml version="1.0" encoding="utf-8"?>
<Project ToolsVersion="4.0" xmlns="http://schemas.microsoft.com/developer/msbuild/2003">
  <ItemGroup>
    <Filter Include="Source Files">
      <UniqueIdentifier>{4FC737F1-C7A5-4376-A066-2A32D752A2FF}</UniqueIdentifier>
      <Extensions>cpp;c;cc;cxx;def;odl;idl;hpj;bat;asm;asmx</Extensions>
    </Filter>
    <Filter Include="Header Files">
      <UniqueIdentifier>{93995380-89BD-4b04-88EB-625FBE52EBFB}</UniqueIdentifier>
      <Extensions>h;hh;hpp;hxx;hm;inl;inc;ipp;xsd</Extensions>
    </Filter>
    <Filter Include="Resource Files">
      <UniqueIdentifier>{67DA6AB6-F800-4c08-8B7A-83BB121AAD01}</UniqueIdentifier>
      <Extensions>rc;ico;cur;bmp;dlg;rc2;rct;bin;rgs;gif;jpg;jpeg;jpe;resx;tiff;tif;png;wav;mfcribbon-ms</Extensions>
    </Filter>
    <Filter Include="Header Files\Instrument">
      <UniqueIdentifier>{654b32be-d241-4476-8d3d-888587bdc28b}</UniqueIdentifier>
    </Filter>
    <Filter Include="Header Files\Interpolator">
      <UniqueIdentifier>{e190d393-25c8-48bf-aa66-95838f58c4c9}</UniqueIdentifier>
    </Filter>
    <Filter Include="Header Files\Solver">
      <UniqueIdentifier>{cf0a039c-e02a-41ef-8c83-b90b87e2cf85}</UniqueIdentifier>
    </Filter>
    <Filter Include="Header Files\Calendar">
      <UniqueIdentifier>{c62652a7-838a-47e7-bd08-eb5c365d6d47}</UniqueIdentifier>
    </Filter>
    <Filter Include="Header Files\DayCounter">
      <UniqueIdentifier>{82fb6e38-3d34-41d4-98a1-0d73445e74c5}</UniqueIdentifier>
    </Filter>
    <Filter Include="Source Files\Instrument">
      <UniqueIdentifier>{d181d052-fe68-4165-a420-0c09b9805e24}</UniqueIdentifier>
    </Filter>
    <Filter Include="Source Files\Interpolator">
      <UniqueIdentifier>{5cead426-9088-4393-896a-a72b88887a84}</UniqueIdentifier>
    </Filter>
    <Filter Include="Source Files\Calendar">
      <UniqueIdentifier>{4a409443-598b-4c19-9c2f-78de2ad93304}</UniqueIdentifier>
    </Filter>
    <Filter Include="Source Files\DayCounter">
      <UniqueIdentifier>{22b33229-1987-4697-a757-9a3bd52b2e7d}</UniqueIdentifier>
    </Filter>
    <Filter Include="Source Files\Solver">
      <UniqueIdentifier>{e09b9be4-389c-490b-9e29-667a0aa97151}</UniqueIdentifier>
    </Filter>
    <Filter Include="Header Files\TermStructure">
      <UniqueIdentifier>{92a6fc27-8fbf-49ba-8cb9-711796034607}</UniqueIdentifier>
    </Filter>
    <Filter Include="Source Files\TermStructure">
      <UniqueIdentifier>{527ff5dc-bed9-4c5c-a1d6-ea9b7b6b2c98}</UniqueIdentifier>
    </Filter>
    <Filter Include="Header Files\Bootstrapper">
      <UniqueIdentifier>{93cffd4f-85f8-405b-a735-eb85afcc8973}</UniqueIdentifier>
    </Filter>
    <Filter Include="Source Files\Bootstrapper">
      <UniqueIdentifier>{ab1babd7-2692-431a-89aa-5600618559b2}</UniqueIdentifier>
    </Filter>
    <Filter Include="Header Files\Pricer">
      <UniqueIdentifier>{79675448-3dfd-40b2-a5df-dadc72c11236}</UniqueIdentifier>
    </Filter>
    <Filter Include="Source Files\Pricer">
      <UniqueIdentifier>{ca6eb20f-4fbd-4f9a-addc-cc0f00b54563}</UniqueIdentifier>
    </Filter>
    <Filter Include="Header Files\TradeInfo">
      <UniqueIdentifier>{4056c3b8-8b8f-4c98-ba94-6922df6e8d7a}</UniqueIdentifier>
    </Filter>
    <Filter Include="Source Files\TradeInfo">
      <UniqueIdentifier>{bc996f19-3709-4ec4-be2d-4a436c1aec66}</UniqueIdentifier>
    </Filter>
    <Filter Include="Header Files\MarketData">
      <UniqueIdentifier>{84c671d6-f62c-498b-b1e9-5cfd5415102a}</UniqueIdentifier>
    </Filter>
    <Filter Include="Source Files\MarketData">
      <UniqueIdentifier>{968493cc-1a9f-4f8b-b942-beaaf883084e}</UniqueIdentifier>
    </Filter>
    <Filter Include="Header Files\Currency">
      <UniqueIdentifier>{960ce2a4-d795-4e1f-ad7a-897156348598}</UniqueIdentifier>
    </Filter>
    <Filter Include="Source Files\Currency">
      <UniqueIdentifier>{cb6ee74b-c221-49b2-a0be-01dc17fe25de}</UniqueIdentifier>
    </Filter>
    <Filter Include="Header Files\Functions">
      <UniqueIdentifier>{eb690ddf-a462-45e7-a0ac-05abbb625b91}</UniqueIdentifier>
    </Filter>
    <Filter Include="Source Files\Functions">
      <UniqueIdentifier>{fa0f09bc-f239-4eed-b104-b287fc89f4d6}</UniqueIdentifier>
    </Filter>
    <Filter Include="Header Files\MarketData\Curves">
      <UniqueIdentifier>{8109ad32-39b9-41d4-965d-82e9191ca8c4}</UniqueIdentifier>
    </Filter>
    <Filter Include="Header Files\MarketData\Surfaces">
      <UniqueIdentifier>{a96cd632-4648-4be5-9cdf-603e1abf4462}</UniqueIdentifier>
    </Filter>
    <Filter Include="Source Files\MarketData\Curves">
      <UniqueIdentifier>{3a52e4ff-1d38-4e3b-abac-2595fcac8c17}</UniqueIdentifier>
    </Filter>
    <Filter Include="Source Files\MarketData\Surfaces">
      <UniqueIdentifier>{6b92d60a-255d-4cf7-9477-256b790adf55}</UniqueIdentifier>
    </Filter>
  </ItemGroup>
  <ItemGroup>
    <ClInclude Include="IInstrument.h">
      <Filter>Header Files\Instrument</Filter>
    </ClInclude>
    <ClInclude Include="EuropeanOption.h">
      <Filter>Header Files\Instrument</Filter>
    </ClInclude>
    <ClInclude Include="IInterpolator.h">
      <Filter>Header Files\Interpolator</Filter>
    </ClInclude>
    <ClInclude Include="ICalendar.h">
      <Filter>Header Files\Calendar</Filter>
    </ClInclude>
    <ClInclude Include="IDayCounter.h">
      <Filter>Header Files\DayCounter</Filter>
    </ClInclude>
    <ClInclude Include="ISolver.h">
      <Filter>Header Files\Solver</Filter>
    </ClInclude>
    <ClInclude Include="IEuropeanOptionPricer.h">
      <Filter>Header Files\Pricer</Filter>
    </ClInclude>
    <ClInclude Include="BasicTradeInfo.h">
      <Filter>Header Files\TradeInfo</Filter>
    </ClInclude>
    <ClInclude Include="BlackScholesPricer.h">
      <Filter>Header Files\Pricer</Filter>
    </ClInclude>
    <ClInclude Include="MarketData.h">
      <Filter>Header Files\MarketData</Filter>
    </ClInclude>
    <ClInclude Include="ICurrency.h">
      <Filter>Header Files\Currency</Filter>
    </ClInclude>
    <ClInclude Include="AsianOption.h">
      <Filter>Header Files\Instrument</Filter>
    </ClInclude>
    <ClInclude Include="IAsianOptionPricer.h">
      <Filter>Header Files\Pricer</Filter>
    </ClInclude>
    <ClInclude Include="TurnbullWakemanPricer.h">
      <Filter>Header Files\Pricer</Filter>
    </ClInclude>
    <ClInclude Include="InstrumentPortfolio.h">
      <Filter>Header Files\Instrument</Filter>
    </ClInclude>
    <ClInclude Include="Aud.h">
      <Filter>Header Files\Currency</Filter>
    </ClInclude>
    <ClInclude Include="Black76Formula.h">
      <Filter>Header Files\Functions</Filter>
    </ClInclude>
    <ClInclude Include="BlackScholesFormula.h">
      <Filter>Header Files\Functions</Filter>
    </ClInclude>
    <ClInclude Include="Black76Pricer.h">
      <Filter>Header Files\Pricer</Filter>
    </ClInclude>
    <ClInclude Include="Swap.h">
      <Filter>Header Files\Instrument</Filter>
    </ClInclude>
    <ClInclude Include="SwapLeg.h">
      <Filter>Header Files\Instrument</Filter>
    </ClInclude>
    <ClInclude Include="ICashFlow.h">
      <Filter>Header Files\Instrument</Filter>
    </ClInclude>
    <ClInclude Include="DiscountCurve.h">
      <Filter>Header Files\MarketData\Curves</Filter>
    </ClInclude>
    <ClInclude Include="FXCurve.h">
      <Filter>Header Files\MarketData\Curves</Filter>
    </ClInclude>
    <ClInclude Include="DayCounter.h">
      <Filter>Header Files\DayCounter</Filter>
    </ClInclude>
  </ItemGroup>
  <ItemGroup>
    <ClCompile Include="EuropeanOption.cpp">
      <Filter>Source Files\Instrument</Filter>
    </ClCompile>
    <ClCompile Include="BlackScholesPricer.cpp">
      <Filter>Source Files\Pricer</Filter>
    </ClCompile>
    <ClCompile Include="AsianOption.cpp">
      <Filter>Source Files\Instrument</Filter>
    </ClCompile>
    <ClCompile Include="TurnbullWakemanPricer.cpp">
      <Filter>Source Files\Pricer</Filter>
    </ClCompile>
    <ClCompile Include="InstrumentPortfolio.cpp">
      <Filter>Source Files\Instrument</Filter>
    </ClCompile>
    <ClCompile Include="Aud.cpp">
      <Filter>Source Files\Currency</Filter>
    </ClCompile>
    <ClCompile Include="Black76Formula.cpp">
      <Filter>Source Files\Functions</Filter>
    </ClCompile>
    <ClCompile Include="BlackScholesFormula.cpp">
      <Filter>Source Files\Functions</Filter>
    </ClCompile>
    <ClCompile Include="Black76Pricer.cpp">
      <Filter>Source Files\Pricer</Filter>
    </ClCompile>
    <ClCompile Include="Swap.cpp">
      <Filter>Source Files\Instrument</Filter>
    </ClCompile>
    <ClCompile Include="SwapLeg.cpp">
      <Filter>Source Files\Instrument</Filter>
    </ClCompile>
    <ClCompile Include="DiscountCurve.cpp">
      <Filter>Source Files\MarketData\Curves</Filter>
    </ClCompile>
    <ClCompile Include="FXCurve.cpp">
      <Filter>Source Files\MarketData\Curves</Filter>
    </ClCompile>
    <ClCompile Include="DayCounter.cpp">
      <Filter>Source Files\DayCounter</Filter>
    </ClCompile>
  </ItemGroup>
  <ItemGroup>
    <None Include="packages.config" />
  </ItemGroup>
</Project>